
Microsoft Visual Studio Solution File, Format Version 12.00
# Visual Studio Version 16
VisualStudioVersion = 16.0.30523.141
MinimumVisualStudioVersion = 10.0.40219.1
Project("{9A19103F-16F7-4668-BE54-9A1E7A4F7556}") = "ePujnačiData", "ePujiačiData\ePujnačiData.csproj", "{F9FD6514-4AB5-49EA-BC6E-347725A92E93}"
EndProject
Project("{9A19103F-16F7-4668-BE54-9A1E7A4F7556}") = "Shered", "Shered\Shered.csproj", "{664E58D4-D086-4D35-BB1E-C733A4B9C5F1}"
EndProject
Project("{9A19103F-16F7-4668-BE54-9A1E7A4F7556}") = "Business", "Business\Business.csproj", "{58ACF67F-CADC-412D-84EA-6D78FB3624B9}"
EndProject
Project("{9A19103F-16F7-4668-BE54-9A1E7A4F7556}") = "ConsoleApp", "ConsoleApp\ConsoleApp.csproj", "{0FDFEE90-DCA4-4B26-8AD3-9860DB4794E7}"
EndProject
Project("{9A19103F-16F7-4668-BE54-9A1E7A4F7556}") = "WebApplication", "WebApplication\WebApplication.csproj", "{897949FD-8442-463A-8624-5D8D7B5DA1A4}"
EndProject
Project("{9A19103F-16F7-4668-BE54-9A1E7A4F7556}") = "ePunjačiDesktopApp", "ePunjačiDesktopApp\ePunjačiDesktopApp.csproj", "{FAA490ED-F5A4-4406-9EC3-BC7465A1B6F2}"
EndProject
Project("{FAE04EC0-301F-11D3-BF4B-00C04F79EFBC}") = "BusinessTest", "BusinessTest\BusinessTest.csproj", "{1F6ED0A8-D825-492E-AAAF-1C0B7C5C38E2}"
EndProject
Global
	GlobalSection(SolutionConfigurationPlatforms) = preSolution
		Debug|Any CPU = Debug|Any CPU
		Release|Any CPU = Release|Any CPU
	EndGlobalSection
	GlobalSection(ProjectConfigurationPlatforms) = postSolution
		{F9FD6514-4AB5-49EA-BC6E-347725A92E93}.Debug|Any CPU.ActiveCfg = Debug|Any CPU
		{F9FD6514-4AB5-49EA-BC6E-347725A92E93}.Debug|Any CPU.Build.0 = Debug|Any CPU
		{F9FD6514-4AB5-49EA-BC6E-347725A92E93}.Release|Any CPU.ActiveCfg = Release|Any CPU
		{F9FD6514-4AB5-49EA-BC6E-347725A92E93}.Release|Any CPU.Build.0 = Release|Any CPU
		{664E58D4-D086-4D35-BB1E-C733A4B9C5F1}.Debug|Any CPU.ActiveCfg = Debug|Any CPU
		{664E58D4-D086-4D35-BB1E-C733A4B9C5F1}.Debug|Any CPU.Build.0 = Debug|Any CPU
		{664E58D4-D086-4D35-BB1E-C733A4B9C5F1}.Release|Any CPU.ActiveCfg = Release|Any CPU
		{664E58D4-D086-4D35-BB1E-C733A4B9C5F1}.Release|Any CPU.Build.0 = Release|Any CPU
		{58ACF67F-CADC-412D-84EA-6D78FB3624B9}.Debug|Any CPU.ActiveCfg = Debug|Any CPU
		{58ACF67F-CADC-412D-84EA-6D78FB3624B9}.Debug|Any CPU.Build.0 = Debug|Any CPU
		{58ACF67F-CADC-412D-84EA-6D78FB3624B9}.Release|Any CPU.ActiveCfg = Release|Any CPU
		{58ACF67F-CADC-412D-84EA-6D78FB3624B9}.Release|Any CPU.Build.0 = Release|Any CPU
		{0FDFEE90-DCA4-4B26-8AD3-9860DB4794E7}.Debug|Any CPU.ActiveCfg = Debug|Any CPU
		{0FDFEE90-DCA4-4B26-8AD3-9860DB4794E7}.Debug|Any CPU.Build.0 = Debug|Any CPU
		{0FDFEE90-DCA4-4B26-8AD3-9860DB4794E7}.Release|Any CPU.ActiveCfg = Release|Any CPU
		{0FDFEE90-DCA4-4B26-8AD3-9860DB4794E7}.Release|Any CPU.Build.0 = Release|Any CPU
		{897949FD-8442-463A-8624-5D8D7B5DA1A4}.Debug|Any CPU.ActiveCfg = Debug|Any CPU
		{897949FD-8442-463A-8624-5D8D7B5DA1A4}.Debug|Any CPU.Build.0 = Debug|Any CPU
		{897949FD-8442-463A-8624-5D8D7B5DA1A4}.Release|Any CPU.ActiveCfg = Release|Any CPU
		{897949FD-8442-463A-8624-5D8D7B5DA1A4}.Release|Any CPU.Build.0 = Release|Any CPU
		{FAA490ED-F5A4-4406-9EC3-BC7465A1B6F2}.Debug|Any CPU.ActiveCfg = Debug|Any CPU
		{FAA490ED-F5A4-4406-9EC3-BC7465A1B6F2}.Debug|Any CPU.Build.0 = Debug|Any CPU
		{FAA490ED-F5A4-4406-9EC3-BC7465A1B6F2}.Release|Any CPU.ActiveCfg = Release|Any CPU
		{FAA490ED-F5A4-4406-9EC3-BC7465A1B6F2}.Release|Any CPU.Build.0 = Release|Any CPU
		{1F6ED0A8-D825-492E-AAAF-1C0B7C5C38E2}.Debug|Any CPU.ActiveCfg = Debug|Any CPU
		{1F6ED0A8-D825-492E-AAAF-1C0B7C5C38E2}.Debug|Any CPU.Build.0 = Debug|Any CPU
		{1F6ED0A8-D825-492E-AAAF-1C0B7C5C38E2}.Release|Any CPU.ActiveCfg = Release|Any CPU
		{1F6ED0A8-D825-492E-AAAF-1C0B7C5C38E2}.Release|Any CPU.Build.0 = Release|Any CPU
	EndGlobalSection
	GlobalSection(SolutionProperties) = preSolution
		HideSolutionNode = FALSE
	EndGlobalSection
	GlobalSection(ExtensibilityGlobals) = postSolution
		SolutionGuid = {89E58938-3661-4E91-99CA-DF7344567233}
	EndGlobalSection
EndGlobal
